
Microsoft Visual Studio Solution File, Format Version 12.00
# Visual Studio Version 17
VisualStudioVersion = 17.6.33723.286
MinimumVisualStudioVersion = 10.0.40219.1
Project("{9A19103F-16F7-4668-BE54-9A1E7A4F7556}") = "PersonalBlog.Entities", "PersonalBlog.Entities\PersonalBlog.Entities.csproj", "{4DF5F302-A471-4009-B02E-D98344B93476}"
EndProject
Project("{9A19103F-16F7-4668-BE54-9A1E7A4F7556}") = "PersonalBlog.Data", "PersonalBlog.Data\PersonalBlog.Data.csproj", "{998B8769-0BAF-44B5-8E91-06211BE414B8}"
EndProject
Project("{9A19103F-16F7-4668-BE54-9A1E7A4F7556}") = "PersonalBlog.Service", "PersonalBlog.Service\PersonalBlog.Service.csproj", "{45C1F7CF-5637-4BF5-90EF-206342BF35A6}"
EndProject
Project("{9A19103F-16F7-4668-BE54-9A1E7A4F7556}") = "PersonalBlog.Shared", "PersonalBlog.Shared\PersonalBlog.Shared.csproj", "{1EEE99A6-0D58-4ADF-AB15-DAA3093160B6}"
EndProject
Project("{9A19103F-16F7-4668-BE54-9A1E7A4F7556}") = "PersonalBlog.MVC", "PersonalBlog.MVC\PersonalBlog.MVC.csproj", "{B77CE652-F338-4408-A7CA-C4FA05566BBD}"
EndProject
Global
	GlobalSection(SolutionConfigurationPlatforms) = preSolution
		Debug|Any CPU = Debug|Any CPU
		Release|Any CPU = Release|Any CPU
	EndGlobalSection
	GlobalSection(ProjectConfigurationPlatforms) = postSolution
		{4DF5F302-A471-4009-B02E-D98344B93476}.Debug|Any CPU.ActiveCfg = Debug|Any CPU
		{4DF5F302-A471-4009-B02E-D98344B93476}.Debug|Any CPU.Build.0 = Debug|Any CPU
		{4DF5F302-A471-4009-B02E-D98344B93476}.Release|Any CPU.ActiveCfg = Release|Any CPU
		{4DF5F302-A471-4009-B02E-D98344B93476}.Release|Any CPU.Build.0 = Release|Any CPU
		{998B8769-0BAF-44B5-8E91-06211BE414B8}.Debug|Any CPU.ActiveCfg = Debug|Any CPU
		{998B8769-0BAF-44B5-8E91-06211BE414B8}.Debug|Any CPU.Build.0 = Debug|Any CPU
		{998B8769-0BAF-44B5-8E91-06211BE414B8}.Release|Any CPU.ActiveCfg = Release|Any CPU
		{998B8769-0BAF-44B5-8E91-06211BE414B8}.Release|Any CPU.Build.0 = Release|Any CPU
		{45C1F7CF-5637-4BF5-90EF-206342BF35A6}.Debug|Any CPU.ActiveCfg = Debug|Any CPU
		{45C1F7CF-5637-4BF5-90EF-206342BF35A6}.Debug|Any CPU.Build.0 = Debug|Any CPU
		{45C1F7CF-5637-4BF5-90EF-206342BF35A6}.Release|Any CPU.ActiveCfg = Release|Any CPU
		{45C1F7CF-5637-4BF5-90EF-206342BF35A6}.Release|Any CPU.Build.0 = Release|Any CPU
		{1EEE99A6-0D58-4ADF-AB15-DAA3093160B6}.Debug|Any CPU.ActiveCfg = Debug|Any CPU
		{1EEE99A6-0D58-4ADF-AB15-DAA3093160B6}.Debug|Any CPU.Build.0 = Debug|Any CPU
		{1EEE99A6-0D58-4ADF-AB15-DAA3093160B6}.Release|Any CPU.ActiveCfg = Release|Any CPU
		{1EEE99A6-0D58-4ADF-AB15-DAA3093160B6}.Release|Any CPU.Build.0 = Release|Any CPU
		{B77CE652-F338-4408-A7CA-C4FA05566BBD}.Debug|Any CPU.ActiveCfg = Debug|Any CPU
		{B77CE652-F338-4408-A7CA-C4FA05566BBD}.Debug|Any CPU.Build.0 = Debug|Any CPU
		{B77CE652-F338-4408-A7CA-C4FA05566BBD}.Release|Any CPU.ActiveCfg = Release|Any CPU
		{B77CE652-F338-4408-A7CA-C4FA05566BBD}.Release|Any CPU.Build.0 = Release|Any CPU
	EndGlobalSection
	GlobalSection(SolutionProperties) = preSolution
		HideSolutionNode = FALSE
	EndGlobalSection
	GlobalSection(ExtensibilityGlobals) = postSolution
		SolutionGuid = {A6C9BA8B-D342-4CD3-BA7B-A8AF24B54F61}
	EndGlobalSection
EndGlobal
